// !$*UTF8*$!
{
	archiveVersion = 1;
	classes = {
	};
	objectVersion = 55;
	objects = {

/* Begin PBXBuildFile section */
		85131AEE2841625500A7D597 /* SidebarView.swift in Sources */ = {isa = PBXBuildFile; fileRef = 85131AED2841625500A7D597 /* SidebarView.swift */; };
		85131AF02841627F00A7D597 /* SidebarViewModel.swift in Sources */ = {isa = PBXBuildFile; fileRef = 85131AEF2841627F00A7D597 /* SidebarViewModel.swift */; };
		85131AF3284163C700A7D597 /* SidebarCategory.swift in Sources */ = {isa = PBXBuildFile; fileRef = 85131AF2284163C700A7D597 /* SidebarCategory.swift */; };
		85131AF5284167C300A7D597 /* RootView.swift in Sources */ = {isa = PBXBuildFile; fileRef = 85131AF4284167C300A7D597 /* RootView.swift */; };
		852107ED285C136E00FEB122 /* AcknowledgementsView.swift in Sources */ = {isa = PBXBuildFile; fileRef = 852107EC285C136E00FEB122 /* AcknowledgementsView.swift */; };
		853FF39C2847B53400905DD8 /* Extensions.swift in Sources */ = {isa = PBXBuildFile; fileRef = 853FF39B2847B53400905DD8 /* Extensions.swift */; };
		8545C2E7283D6C70006B225B /* PDToolboxApp.swift in Sources */ = {isa = PBXBuildFile; fileRef = 8545C2E6283D6C70006B225B /* PDToolboxApp.swift */; };
		8545C2E9283D6C70006B225B /* ContentView.swift in Sources */ = {isa = PBXBuildFile; fileRef = 8545C2E8283D6C70006B225B /* ContentView.swift */; };
		8545C2EB283D6C71006B225B /* Assets.xcassets in Resources */ = {isa = PBXBuildFile; fileRef = 8545C2EA283D6C71006B225B /* Assets.xcassets */; };
		8545C2EE283D6C71006B225B /* Preview Assets.xcassets in Resources */ = {isa = PBXBuildFile; fileRef = 8545C2ED283D6C71006B225B /* Preview Assets.xcassets */; };
		8545C2F9283D6C71006B225B /* PDToolboxTests.swift in Sources */ = {isa = PBXBuildFile; fileRef = 8545C2F8283D6C71006B225B /* PDToolboxTests.swift */; };
		8545C303283D6C71006B225B /* PDToolboxUITests.swift in Sources */ = {isa = PBXBuildFile; fileRef = 8545C302283D6C71006B225B /* PDToolboxUITests.swift */; };
		8545C305283D6C71006B225B /* PDToolboxUITestsLaunchTests.swift in Sources */ = {isa = PBXBuildFile; fileRef = 8545C304283D6C71006B225B /* PDToolboxUITestsLaunchTests.swift */; };
		8545C314283D6CF3006B225B /* IVRMenu.swift in Sources */ = {isa = PBXBuildFile; fileRef = 8545C313283D6CF3006B225B /* IVRMenu.swift */; };
		8545C316283D6DDE006B225B /* IVRKeyPress.swift in Sources */ = {isa = PBXBuildFile; fileRef = 8545C315283D6DDE006B225B /* IVRKeyPress.swift */; };
		8545C318283D700C006B225B /* IVRReader.swift in Sources */ = {isa = PBXBuildFile; fileRef = 8545C317283D700C006B225B /* IVRReader.swift */; };
		8545C31A283D8CEF006B225B /* IVRFileWriter.swift in Sources */ = {isa = PBXBuildFile; fileRef = 8545C319283D8CEF006B225B /* IVRFileWriter.swift */; };
		8545C31C283D90C3006B225B /* XMLWriter.swift in Sources */ = {isa = PBXBuildFile; fileRef = 8545C31B283D90C3006B225B /* XMLWriter.swift */; };
		8545C325283EA6A2006B225B /* SwiftCSV in Frameworks */ = {isa = PBXBuildFile; productRef = 8545C324283EA6A2006B225B /* SwiftCSV */; };
		8545C327283ED0A8006B225B /* MainView.swift in Sources */ = {isa = PBXBuildFile; fileRef = 8545C326283ED0A8006B225B /* MainView.swift */; };
		8545C32A28402C1C006B225B /* IVRToolsViewModel.swift in Sources */ = {isa = PBXBuildFile; fileRef = 8545C32928402C1C006B225B /* IVRToolsViewModel.swift */; };
		8545C32D28405C82006B225B /* KeyPressView.swift in Sources */ = {isa = PBXBuildFile; fileRef = 8545C32C28405C82006B225B /* KeyPressView.swift */; };
		8545C32F28406585006B225B /* MenuView.swift in Sources */ = {isa = PBXBuildFile; fileRef = 8545C32E28406585006B225B /* MenuView.swift */; };
		855DCAC82841B76C00F2A116 /* UnderConstructionView.swift in Sources */ = {isa = PBXBuildFile; fileRef = 855DCAC72841B76B00F2A116 /* UnderConstructionView.swift */; };
		855DCACB28429A5500F2A116 /* AboutView.swift in Sources */ = {isa = PBXBuildFile; fileRef = 855DCACA28429A5500F2A116 /* AboutView.swift */; };
		855DCACF28429B7900F2A116 /* LibraryAttribution.swift in Sources */ = {isa = PBXBuildFile; fileRef = 855DCACE28429B7900F2A116 /* LibraryAttribution.swift */; };
		855DCAD128429BD400F2A116 /* AboutViewModel.swift in Sources */ = {isa = PBXBuildFile; fileRef = 855DCAD028429BD400F2A116 /* AboutViewModel.swift */; };
		855DCAE928430A4600F2A116 /* ExcelIVRReader.swift in Sources */ = {isa = PBXBuildFile; fileRef = 855DCAE828430A4600F2A116 /* ExcelIVRReader.swift */; };
		855DCAEC28430ACD00F2A116 /* CoreXLSX in Frameworks */ = {isa = PBXBuildFile; productRef = 855DCAEB28430ACD00F2A116 /* CoreXLSX */; };
		856FFBD32845B69400626595 /* AlertToast in Frameworks */ = {isa = PBXBuildFile; productRef = 856FFBD22845B69400626595 /* AlertToast */; };
		856FFBD72845B77100626595 /* Message.swift in Sources */ = {isa = PBXBuildFile; fileRef = 856FFBD62845B77100626595 /* Message.swift */; };
		85A551F4285AA50E003496E3 /* AuditWriter.swift in Sources */ = {isa = PBXBuildFile; fileRef = 85A551F3285AA50E003496E3 /* AuditWriter.swift */; };
		85A551F7285AE196003496E3 /* DigitKeyInput.swift in Sources */ = {isa = PBXBuildFile; fileRef = 85A551F6285AE196003496E3 /* DigitKeyInput.swift */; };
		85A551F9285AE1E2003496E3 /* CallHandling.swift in Sources */ = {isa = PBXBuildFile; fileRef = 85A551F8285AE1E2003496E3 /* CallHandling.swift */; };
		85A551FB285AE227003496E3 /* Prompt.swift in Sources */ = {isa = PBXBuildFile; fileRef = 85A551FA285AE227003496E3 /* Prompt.swift */; };
		85A551FD285AE261003496E3 /* Menu.swift in Sources */ = {isa = PBXBuildFile; fileRef = 85A551FC285AE261003496E3 /* Menu.swift */; };
		85A55200285AE2F4003496E3 /* XMLCoder in Frameworks */ = {isa = PBXBuildFile; productRef = 85A551FF285AE2F4003496E3 /* XMLCoder */; };
		85A55202285AE312003496E3 /* XMLReader.swift in Sources */ = {isa = PBXBuildFile; fileRef = 85A55201285AE312003496E3 /* XMLReader.swift */; };
		85A55204285AE444003496E3 /* MultiLevelIVR.swift in Sources */ = {isa = PBXBuildFile; fileRef = 85A55203285AE444003496E3 /* MultiLevelIVR.swift */; };
		85A55206285AEA5A003496E3 /* XMLParsing.swift in Sources */ = {isa = PBXBuildFile; fileRef = 85A55205285AEA5A003496E3 /* XMLParsing.swift */; };
		85A92424284A5B28005E7B3C /* CallFlowPreRenderer.swift in Sources */ = {isa = PBXBuildFile; fileRef = 85A92423284A5B28005E7B3C /* CallFlowPreRenderer.swift */; };
		85A92426284A620C005E7B3C /* CFRenderable.swift in Sources */ = {isa = PBXBuildFile; fileRef = 85A92425284A620C005E7B3C /* CFRenderable.swift */; };
		85A92428284A62FE005E7B3C /* RenderDefaults.swift in Sources */ = {isa = PBXBuildFile; fileRef = 85A92427284A62FE005E7B3C /* RenderDefaults.swift */; };
		85A9242A284A652D005E7B3C /* CFRenderer.swift in Sources */ = {isa = PBXBuildFile; fileRef = 85A92429284A652D005E7B3C /* CFRenderer.swift */; };
		85A9242D284ABD8B005E7B3C /* GraphicsRenderer in Frameworks */ = {isa = PBXBuildFile; productRef = 85A9242C284ABD8B005E7B3C /* GraphicsRenderer */; };
		85A92430285697DF005E7B3C /* GraphObject.swift in Sources */ = {isa = PBXBuildFile; fileRef = 85A9242F285697DF005E7B3C /* GraphObject.swift */; };
		85A9243228569A47005E7B3C /* GraphUser.swift in Sources */ = {isa = PBXBuildFile; fileRef = 85A9243128569A47005E7B3C /* GraphUser.swift */; };
/* End PBXBuildFile section */

/* Begin PBXContainerItemProxy section */
		8545C2F5283D6C71006B225B /* PBXContainerItemProxy */ = {
			isa = PBXContainerItemProxy;
			containerPortal = 8545C2DB283D6C70006B225B /* Project object */;
			proxyType = 1;
			remoteGlobalIDString = 8545C2E2283D6C70006B225B;
			remoteInfo = PDToolbox;
		};
		8545C2FF283D6C71006B225B /* PBXContainerItemProxy */ = {
			isa = PBXContainerItemProxy;
			containerPortal = 8545C2DB283D6C70006B225B /* Project object */;
			proxyType = 1;
			remoteGlobalIDString = 8545C2E2283D6C70006B225B;
			remoteInfo = PDToolbox;
		};
/* End PBXContainerItemProxy section */

/* Begin PBXFileReference section */
		85131AED2841625500A7D597 /* SidebarView.swift */ = {isa = PBXFileReference; lastKnownFileType = sourcecode.swift; path = SidebarView.swift; sourceTree = "<group>"; };
		85131AEF2841627F00A7D597 /* SidebarViewModel.swift */ = {isa = PBXFileReference; lastKnownFileType = sourcecode.swift; path = SidebarViewModel.swift; sourceTree = "<group>"; };
		85131AF2284163C700A7D597 /* SidebarCategory.swift */ = {isa = PBXFileReference; lastKnownFileType = sourcecode.swift; path = SidebarCategory.swift; sourceTree = "<group>"; };
		85131AF4284167C300A7D597 /* RootView.swift */ = {isa = PBXFileReference; lastKnownFileType = sourcecode.swift; path = RootView.swift; sourceTree = "<group>"; };
		852107EC285C136E00FEB122 /* AcknowledgementsView.swift */ = {isa = PBXFileReference; lastKnownFileType = sourcecode.swift; path = AcknowledgementsView.swift; sourceTree = "<group>"; };
		853FF39B2847B53400905DD8 /* Extensions.swift */ = {isa = PBXFileReference; lastKnownFileType = sourcecode.swift; path = Extensions.swift; sourceTree = "<group>"; };
		8545C2E3283D6C70006B225B /* Croissant.app */ = {isa = PBXFileReference; explicitFileType = wrapper.application; includeInIndex = 0; path = Croissant.app; sourceTree = BUILT_PRODUCTS_DIR; };
		8545C2E6283D6C70006B225B /* PDToolboxApp.swift */ = {isa = PBXFileReference; lastKnownFileType = sourcecode.swift; path = PDToolboxApp.swift; sourceTree = "<group>"; };
		8545C2E8283D6C70006B225B /* ContentView.swift */ = {isa = PBXFileReference; lastKnownFileType = sourcecode.swift; path = ContentView.swift; sourceTree = "<group>"; };
		8545C2EA283D6C71006B225B /* Assets.xcassets */ = {isa = PBXFileReference; lastKnownFileType = folder.assetcatalog; name = Assets.xcassets; path = Croissant/Assets.xcassets; sourceTree = SOURCE_ROOT; };
		8545C2ED283D6C71006B225B /* Preview Assets.xcassets */ = {isa = PBXFileReference; lastKnownFileType = folder.assetcatalog; path = "Preview Assets.xcassets"; sourceTree = "<group>"; };
		8545C2EF283D6C71006B225B /* PDToolbox.entitlements */ = {isa = PBXFileReference; lastKnownFileType = text.plist.entitlements; path = PDToolbox.entitlements; sourceTree = "<group>"; };
		8545C2F4283D6C71006B225B /* CroissantTests.xctest */ = {isa = PBXFileReference; explicitFileType = wrapper.cfbundle; includeInIndex = 0; path = CroissantTests.xctest; sourceTree = BUILT_PRODUCTS_DIR; };
		8545C2F8283D6C71006B225B /* PDToolboxTests.swift */ = {isa = PBXFileReference; lastKnownFileType = sourcecode.swift; path = PDToolboxTests.swift; sourceTree = "<group>"; };
		8545C2FE283D6C71006B225B /* CroissantUITests.xctest */ = {isa = PBXFileReference; explicitFileType = wrapper.cfbundle; includeInIndex = 0; path = CroissantUITests.xctest; sourceTree = BUILT_PRODUCTS_DIR; };
		8545C302283D6C71006B225B /* PDToolboxUITests.swift */ = {isa = PBXFileReference; lastKnownFileType = sourcecode.swift; path = PDToolboxUITests.swift; sourceTree = "<group>"; };
		8545C304283D6C71006B225B /* PDToolboxUITestsLaunchTests.swift */ = {isa = PBXFileReference; lastKnownFileType = sourcecode.swift; path = PDToolboxUITestsLaunchTests.swift; sourceTree = "<group>"; };
		8545C313283D6CF3006B225B /* IVRMenu.swift */ = {isa = PBXFileReference; lastKnownFileType = sourcecode.swift; path = IVRMenu.swift; sourceTree = "<group>"; };
		8545C315283D6DDE006B225B /* IVRKeyPress.swift */ = {isa = PBXFileReference; lastKnownFileType = sourcecode.swift; path = IVRKeyPress.swift; sourceTree = "<group>"; };
		8545C317283D700C006B225B /* IVRReader.swift */ = {isa = PBXFileReference; lastKnownFileType = sourcecode.swift; path = IVRReader.swift; sourceTree = "<group>"; };
		8545C319283D8CEF006B225B /* IVRFileWriter.swift */ = {isa = PBXFileReference; lastKnownFileType = sourcecode.swift; path = IVRFileWriter.swift; sourceTree = "<group>"; };
		8545C31B283D90C3006B225B /* XMLWriter.swift */ = {isa = PBXFileReference; lastKnownFileType = sourcecode.swift; path = XMLWriter.swift; sourceTree = "<group>"; };
		8545C326283ED0A8006B225B /* MainView.swift */ = {isa = PBXFileReference; lastKnownFileType = sourcecode.swift; path = MainView.swift; sourceTree = "<group>"; };
		8545C32928402C1C006B225B /* IVRToolsViewModel.swift */ = {isa = PBXFileReference; lastKnownFileType = sourcecode.swift; path = IVRToolsViewModel.swift; sourceTree = "<group>"; };
		8545C32C28405C82006B225B /* KeyPressView.swift */ = {isa = PBXFileReference; lastKnownFileType = sourcecode.swift; path = KeyPressView.swift; sourceTree = "<group>"; };
		8545C32E28406585006B225B /* MenuView.swift */ = {isa = PBXFileReference; lastKnownFileType = sourcecode.swift; path = MenuView.swift; sourceTree = "<group>"; };
		855DCAC72841B76B00F2A116 /* UnderConstructionView.swift */ = {isa = PBXFileReference; lastKnownFileType = sourcecode.swift; path = UnderConstructionView.swift; sourceTree = "<group>"; };
		855DCAC92842478A00F2A116 /* Croissant.entitlements */ = {isa = PBXFileReference; fileEncoding = 4; lastKnownFileType = text.plist.entitlements; path = Croissant.entitlements; sourceTree = "<group>"; };
		855DCACA28429A5500F2A116 /* AboutView.swift */ = {isa = PBXFileReference; lastKnownFileType = sourcecode.swift; path = AboutView.swift; sourceTree = "<group>"; };
		855DCACE28429B7900F2A116 /* LibraryAttribution.swift */ = {isa = PBXFileReference; lastKnownFileType = sourcecode.swift; path = LibraryAttribution.swift; sourceTree = "<group>"; };
		855DCAD028429BD400F2A116 /* AboutViewModel.swift */ = {isa = PBXFileReference; lastKnownFileType = sourcecode.swift; path = AboutViewModel.swift; sourceTree = "<group>"; };
		855DCAE828430A4600F2A116 /* ExcelIVRReader.swift */ = {isa = PBXFileReference; lastKnownFileType = sourcecode.swift; path = ExcelIVRReader.swift; sourceTree = "<group>"; };
		856FFBD62845B77100626595 /* Message.swift */ = {isa = PBXFileReference; lastKnownFileType = sourcecode.swift; path = Message.swift; sourceTree = "<group>"; };
		85A551F3285AA50E003496E3 /* AuditWriter.swift */ = {isa = PBXFileReference; lastKnownFileType = sourcecode.swift; path = AuditWriter.swift; sourceTree = "<group>"; };
		85A551F6285AE196003496E3 /* DigitKeyInput.swift */ = {isa = PBXFileReference; lastKnownFileType = sourcecode.swift; path = DigitKeyInput.swift; sourceTree = "<group>"; };
		85A551F8285AE1E2003496E3 /* CallHandling.swift */ = {isa = PBXFileReference; lastKnownFileType = sourcecode.swift; path = CallHandling.swift; sourceTree = "<group>"; };
		85A551FA285AE227003496E3 /* Prompt.swift */ = {isa = PBXFileReference; lastKnownFileType = sourcecode.swift; path = Prompt.swift; sourceTree = "<group>"; };
		85A551FC285AE261003496E3 /* Menu.swift */ = {isa = PBXFileReference; lastKnownFileType = sourcecode.swift; path = Menu.swift; sourceTree = "<group>"; };
		85A55201285AE312003496E3 /* XMLReader.swift */ = {isa = PBXFileReference; lastKnownFileType = sourcecode.swift; path = XMLReader.swift; sourceTree = "<group>"; };
		85A55203285AE444003496E3 /* MultiLevelIVR.swift */ = {isa = PBXFileReference; lastKnownFileType = sourcecode.swift; path = MultiLevelIVR.swift; sourceTree = "<group>"; };
		85A55205285AEA5A003496E3 /* XMLParsing.swift */ = {isa = PBXFileReference; lastKnownFileType = sourcecode.swift; path = XMLParsing.swift; sourceTree = "<group>"; };
		85A92423284A5B28005E7B3C /* CallFlowPreRenderer.swift */ = {isa = PBXFileReference; lastKnownFileType = sourcecode.swift; path = CallFlowPreRenderer.swift; sourceTree = "<group>"; };
		85A92425284A620C005E7B3C /* CFRenderable.swift */ = {isa = PBXFileReference; lastKnownFileType = sourcecode.swift; path = CFRenderable.swift; sourceTree = "<group>"; };
		85A92427284A62FE005E7B3C /* RenderDefaults.swift */ = {isa = PBXFileReference; lastKnownFileType = sourcecode.swift; path = RenderDefaults.swift; sourceTree = "<group>"; };
		85A92429284A652D005E7B3C /* CFRenderer.swift */ = {isa = PBXFileReference; lastKnownFileType = sourcecode.swift; path = CFRenderer.swift; sourceTree = "<group>"; };
		85A9242F285697DF005E7B3C /* GraphObject.swift */ = {isa = PBXFileReference; lastKnownFileType = sourcecode.swift; path = GraphObject.swift; sourceTree = "<group>"; };
		85A9243128569A47005E7B3C /* GraphUser.swift */ = {isa = PBXFileReference; lastKnownFileType = sourcecode.swift; path = GraphUser.swift; sourceTree = "<group>"; };
/* End PBXFileReference section */

/* Begin PBXFrameworksBuildPhase section */
		8545C2E0283D6C70006B225B /* Frameworks */ = {
			isa = PBXFrameworksBuildPhase;
			buildActionMask = 2147483647;
			files = (
				85A9242D284ABD8B005E7B3C /* GraphicsRenderer in Frameworks */,
				856FFBD32845B69400626595 /* AlertToast in Frameworks */,
				85A55200285AE2F4003496E3 /* XMLCoder in Frameworks */,
				855DCAEC28430ACD00F2A116 /* CoreXLSX in Frameworks */,
				8545C325283EA6A2006B225B /* SwiftCSV in Frameworks */,
			);
			runOnlyForDeploymentPostprocessing = 0;
		};
		8545C2F1283D6C71006B225B /* Frameworks */ = {
			isa = PBXFrameworksBuildPhase;
			buildActionMask = 2147483647;
			files = (
			);
			runOnlyForDeploymentPostprocessing = 0;
		};
		8545C2FB283D6C71006B225B /* Frameworks */ = {
			isa = PBXFrameworksBuildPhase;
			buildActionMask = 2147483647;
			files = (
			);
			runOnlyForDeploymentPostprocessing = 0;
		};
/* End PBXFrameworksBuildPhase section */

/* Begin PBXGroup section */
		85131AF1284163B500A7D597 /* Models */ = {
			isa = PBXGroup;
			children = (
				85131AF2284163C700A7D597 /* SidebarCategory.swift */,
				855DCACE28429B7900F2A116 /* LibraryAttribution.swift */,
				853FF39B2847B53400905DD8 /* Extensions.swift */,
			);
			path = Models;
			sourceTree = "<group>";
		};
		8545C2DA283D6C70006B225B = {
			isa = PBXGroup;
			children = (
				8545C2E5283D6C70006B225B /* Croissant */,
				8545C2F7283D6C71006B225B /* PDToolboxTests */,
				8545C301283D6C71006B225B /* PDToolboxUITests */,
				8545C2E4283D6C70006B225B /* Products */,
			);
			sourceTree = "<group>";
		};
		8545C2E4283D6C70006B225B /* Products */ = {
			isa = PBXGroup;
			children = (
				8545C2E3283D6C70006B225B /* Croissant.app */,
				8545C2F4283D6C71006B225B /* CroissantTests.xctest */,
				8545C2FE283D6C71006B225B /* CroissantUITests.xctest */,
			);
			name = Products;
			sourceTree = "<group>";
		};
		8545C2E5283D6C70006B225B /* Croissant */ = {
			isa = PBXGroup;
			children = (
				85A551F5285AE149003496E3 /* XML Parsing */,
				85A9242E28569786005E7B3C /* Call Flow Graph */,
				85A92422284A5B09005E7B3C /* Call Flow Rendering */,
				855DCAC92842478A00F2A116 /* Croissant.entitlements */,
				85131AF1284163B500A7D597 /* Models */,
				8545C32B28405AA4006B225B /* Views */,
				8545C32828402BFE006B225B /* ViewModels */,
				8545C312283D6CD5006B225B /* IVR Menu Tools */,
				8545C311283D6C82006B225B /* DGCSV */,
				8545C2E6283D6C70006B225B /* PDToolboxApp.swift */,
				8545C2E8283D6C70006B225B /* ContentView.swift */,
				8545C2EA283D6C71006B225B /* Assets.xcassets */,
				8545C2EF283D6C71006B225B /* PDToolbox.entitlements */,
				8545C2EC283D6C71006B225B /* Preview Content */,
				8545C326283ED0A8006B225B /* MainView.swift */,
				856FFBD62845B77100626595 /* Message.swift */,
			);
			path = Croissant;
			sourceTree = "<group>";
		};
		8545C2EC283D6C71006B225B /* Preview Content */ = {
			isa = PBXGroup;
			children = (
				8545C2ED283D6C71006B225B /* Preview Assets.xcassets */,
			);
			path = "Preview Content";
			sourceTree = "<group>";
		};
		8545C2F7283D6C71006B225B /* PDToolboxTests */ = {
			isa = PBXGroup;
			children = (
				8545C2F8283D6C71006B225B /* PDToolboxTests.swift */,
			);
			path = PDToolboxTests;
			sourceTree = "<group>";
		};
		8545C301283D6C71006B225B /* PDToolboxUITests */ = {
			isa = PBXGroup;
			children = (
				8545C302283D6C71006B225B /* PDToolboxUITests.swift */,
				8545C304283D6C71006B225B /* PDToolboxUITestsLaunchTests.swift */,
			);
			path = PDToolboxUITests;
			sourceTree = "<group>";
		};
		8545C311283D6C82006B225B /* DGCSV */ = {
			isa = PBXGroup;
			children = (
			);
			path = DGCSV;
			sourceTree = "<group>";
		};
		8545C312283D6CD5006B225B /* IVR Menu Tools */ = {
			isa = PBXGroup;
			children = (
				855DCAE828430A4600F2A116 /* ExcelIVRReader.swift */,
				8545C319283D8CEF006B225B /* IVRFileWriter.swift */,
				8545C315283D6DDE006B225B /* IVRKeyPress.swift */,
				8545C313283D6CF3006B225B /* IVRMenu.swift */,
				8545C317283D700C006B225B /* IVRReader.swift */,
				8545C31B283D90C3006B225B /* XMLWriter.swift */,
				85A551F3285AA50E003496E3 /* AuditWriter.swift */,
			);
			path = "IVR Menu Tools";
			sourceTree = "<group>";
		};
		8545C32828402BFE006B225B /* ViewModels */ = {
			isa = PBXGroup;
			children = (
				8545C32928402C1C006B225B /* IVRToolsViewModel.swift */,
				85131AEF2841627F00A7D597 /* SidebarViewModel.swift */,
				855DCAD028429BD400F2A116 /* AboutViewModel.swift */,
			);
			path = ViewModels;
			sourceTree = "<group>";
		};
		8545C32B28405AA4006B225B /* Views */ = {
			isa = PBXGroup;
			children = (
				8545C32C28405C82006B225B /* KeyPressView.swift */,
				8545C32E28406585006B225B /* MenuView.swift */,
				85131AED2841625500A7D597 /* SidebarView.swift */,
				85131AF4284167C300A7D597 /* RootView.swift */,
				855DCAC72841B76B00F2A116 /* UnderConstructionView.swift */,
				855DCACA28429A5500F2A116 /* AboutView.swift */,
				852107EC285C136E00FEB122 /* AcknowledgementsView.swift */,
			);
			path = Views;
			sourceTree = "<group>";
		};
		85A551F5285AE149003496E3 /* XML Parsing */ = {
			isa = PBXGroup;
			children = (
				85A551F6285AE196003496E3 /* DigitKeyInput.swift */,
				85A551F8285AE1E2003496E3 /* CallHandling.swift */,
				85A551FA285AE227003496E3 /* Prompt.swift */,
				85A551FC285AE261003496E3 /* Menu.swift */,
				85A55201285AE312003496E3 /* XMLReader.swift */,
				85A55203285AE444003496E3 /* MultiLevelIVR.swift */,
				85A55205285AEA5A003496E3 /* XMLParsing.swift */,
			);
			path = "XML Parsing";
			sourceTree = "<group>";
		};
		85A92422284A5B09005E7B3C /* Call Flow Rendering */ = {
			isa = PBXGroup;
			children = (
				85A92423284A5B28005E7B3C /* CallFlowPreRenderer.swift */,
				85A92425284A620C005E7B3C /* CFRenderable.swift */,
				85A92427284A62FE005E7B3C /* RenderDefaults.swift */,
				85A92429284A652D005E7B3C /* CFRenderer.swift */,
			);
			path = "Call Flow Rendering";
			sourceTree = "<group>";
		};
		85A9242E28569786005E7B3C /* Call Flow Graph */ = {
			isa = PBXGroup;
			children = (
				85A9242F285697DF005E7B3C /* GraphObject.swift */,
				85A9243128569A47005E7B3C /* GraphUser.swift */,
			);
			path = "Call Flow Graph";
			sourceTree = "<group>";
		};
/* End PBXGroup section */

/* Begin PBXNativeTarget section */
		8545C2E2283D6C70006B225B /* Croissant */ = {
			isa = PBXNativeTarget;
			buildConfigurationList = 8545C308283D6C71006B225B /* Build configuration list for PBXNativeTarget "Croissant" */;
			buildPhases = (
				8545C2DF283D6C70006B225B /* Sources */,
				8545C2E0283D6C70006B225B /* Frameworks */,
				8545C2E1283D6C70006B225B /* Resources */,
			);
			buildRules = (
			);
			dependencies = (
			);
			name = Croissant;
			packageProductDependencies = (
				8545C324283EA6A2006B225B /* SwiftCSV */,
				855DCAEB28430ACD00F2A116 /* CoreXLSX */,
				856FFBD22845B69400626595 /* AlertToast */,
				85A9242C284ABD8B005E7B3C /* GraphicsRenderer */,
				85A551FF285AE2F4003496E3 /* XMLCoder */,
			);
			productName = PDToolbox;
			productReference = 8545C2E3283D6C70006B225B /* Croissant.app */;
			productType = "com.apple.product-type.application";
		};
		8545C2F3283D6C71006B225B /* CroissantTests */ = {
			isa = PBXNativeTarget;
			buildConfigurationList = 8545C30B283D6C71006B225B /* Build configuration list for PBXNativeTarget "CroissantTests" */;
			buildPhases = (
				8545C2F0283D6C71006B225B /* Sources */,
				8545C2F1283D6C71006B225B /* Frameworks */,
				8545C2F2283D6C71006B225B /* Resources */,
			);
			buildRules = (
			);
			dependencies = (
				8545C2F6283D6C71006B225B /* PBXTargetDependency */,
			);
			name = CroissantTests;
			productName = PDToolboxTests;
			productReference = 8545C2F4283D6C71006B225B /* CroissantTests.xctest */;
			productType = "com.apple.product-type.bundle.unit-test";
		};
		8545C2FD283D6C71006B225B /* CroissantUITests */ = {
			isa = PBXNativeTarget;
			buildConfigurationList = 8545C30E283D6C71006B225B /* Build configuration list for PBXNativeTarget "CroissantUITests" */;
			buildPhases = (
				8545C2FA283D6C71006B225B /* Sources */,
				8545C2FB283D6C71006B225B /* Frameworks */,
				8545C2FC283D6C71006B225B /* Resources */,
			);
			buildRules = (
			);
			dependencies = (
				8545C300283D6C71006B225B /* PBXTargetDependency */,
			);
			name = CroissantUITests;
			productName = PDToolboxUITests;
			productReference = 8545C2FE283D6C71006B225B /* CroissantUITests.xctest */;
			productType = "com.apple.product-type.bundle.ui-testing";
		};
/* End PBXNativeTarget section */

/* Begin PBXProject section */
		8545C2DB283D6C70006B225B /* Project object */ = {
			isa = PBXProject;
			attributes = {
				BuildIndependentTargetsInParallel = 1;
				LastSwiftUpdateCheck = 1340;
				LastUpgradeCheck = 1340;
				TargetAttributes = {
					8545C2E2283D6C70006B225B = {
						CreatedOnToolsVersion = 13.4;
					};
					8545C2F3283D6C71006B225B = {
						CreatedOnToolsVersion = 13.4;
						TestTargetID = 8545C2E2283D6C70006B225B;
					};
					8545C2FD283D6C71006B225B = {
						CreatedOnToolsVersion = 13.4;
						TestTargetID = 8545C2E2283D6C70006B225B;
					};
				};
			};
			buildConfigurationList = 8545C2DE283D6C70006B225B /* Build configuration list for PBXProject "Croissant" */;
			compatibilityVersion = "Xcode 13.0";
			developmentRegion = en;
			hasScannedForEncodings = 0;
			knownRegions = (
				en,
				Base,
			);
			mainGroup = 8545C2DA283D6C70006B225B;
			packageReferences = (
				8545C323283EA6A2006B225B /* XCRemoteSwiftPackageReference "SwiftCSV" */,
				855DCAEA28430ACD00F2A116 /* XCRemoteSwiftPackageReference "CoreXLSX" */,
				856FFBD12845B69400626595 /* XCRemoteSwiftPackageReference "AlertToast" */,
				85A9242B284ABD8B005E7B3C /* XCRemoteSwiftPackageReference "GraphicsRenderer" */,
				85A551FE285AE2F4003496E3 /* XCRemoteSwiftPackageReference "XMLCoder" */,
			);
			productRefGroup = 8545C2E4283D6C70006B225B /* Products */;
			projectDirPath = "";
			projectRoot = "";
			targets = (
				8545C2E2283D6C70006B225B /* Croissant */,
				8545C2F3283D6C71006B225B /* CroissantTests */,
				8545C2FD283D6C71006B225B /* CroissantUITests */,
			);
		};
/* End PBXProject section */

/* Begin PBXResourcesBuildPhase section */
		8545C2E1283D6C70006B225B /* Resources */ = {
			isa = PBXResourcesBuildPhase;
			buildActionMask = 2147483647;
			files = (
				8545C2EE283D6C71006B225B /* Preview Assets.xcassets in Resources */,
				8545C2EB283D6C71006B225B /* Assets.xcassets in Resources */,
			);
			runOnlyForDeploymentPostprocessing = 0;
		};
		8545C2F2283D6C71006B225B /* Resources */ = {
			isa = PBXResourcesBuildPhase;
			buildActionMask = 2147483647;
			files = (
			);
			runOnlyForDeploymentPostprocessing = 0;
		};
		8545C2FC283D6C71006B225B /* Resources */ = {
			isa = PBXResourcesBuildPhase;
			buildActionMask = 2147483647;
			files = (
			);
			runOnlyForDeploymentPostprocessing = 0;
		};
/* End PBXResourcesBuildPhase section */

/* Begin PBXSourcesBuildPhase section */
		8545C2DF283D6C70006B225B /* Sources */ = {
			isa = PBXSourcesBuildPhase;
			buildActionMask = 2147483647;
			files = (
				8545C31A283D8CEF006B225B /* IVRFileWriter.swift in Sources */,
				8545C327283ED0A8006B225B /* MainView.swift in Sources */,
				85A55204285AE444003496E3 /* MultiLevelIVR.swift in Sources */,
				85A92426284A620C005E7B3C /* CFRenderable.swift in Sources */,
				855DCAD128429BD400F2A116 /* AboutViewModel.swift in Sources */,
				855DCACB28429A5500F2A116 /* AboutView.swift in Sources */,
				852107ED285C136E00FEB122 /* AcknowledgementsView.swift in Sources */,
				8545C32D28405C82006B225B /* KeyPressView.swift in Sources */,
				8545C318283D700C006B225B /* IVRReader.swift in Sources */,
				85A55206285AEA5A003496E3 /* XMLParsing.swift in Sources */,
				85A9242A284A652D005E7B3C /* CFRenderer.swift in Sources */,
				85A551F9285AE1E2003496E3 /* CallHandling.swift in Sources */,
				85A551FB285AE227003496E3 /* Prompt.swift in Sources */,
				8545C2E9283D6C70006B225B /* ContentView.swift in Sources */,
				85A92430285697DF005E7B3C /* GraphObject.swift in Sources */,
				8545C31C283D90C3006B225B /* XMLWriter.swift in Sources */,
				855DCAE928430A4600F2A116 /* ExcelIVRReader.swift in Sources */,
				85A551F7285AE196003496E3 /* DigitKeyInput.swift in Sources */,
				85A92424284A5B28005E7B3C /* CallFlowPreRenderer.swift in Sources */,
				853FF39C2847B53400905DD8 /* Extensions.swift in Sources */,
				85A92428284A62FE005E7B3C /* RenderDefaults.swift in Sources */,
				85A9243228569A47005E7B3C /* GraphUser.swift in Sources */,
				855DCACF28429B7900F2A116 /* LibraryAttribution.swift in Sources */,
				8545C2E7283D6C70006B225B /* PDToolboxApp.swift in Sources */,
				8545C32F28406585006B225B /* MenuView.swift in Sources */,
				85131AF3284163C700A7D597 /* SidebarCategory.swift in Sources */,
				8545C314283D6CF3006B225B /* IVRMenu.swift in Sources */,
				855DCAC82841B76C00F2A116 /* UnderConstructionView.swift in Sources */,
				8545C32A28402C1C006B225B /* IVRToolsViewModel.swift in Sources */,
				85A55202285AE312003496E3 /* XMLReader.swift in Sources */,
				856FFBD72845B77100626595 /* Message.swift in Sources */,
				85A551FD285AE261003496E3 /* Menu.swift in Sources */,
				85131AEE2841625500A7D597 /* SidebarView.swift in Sources */,
				85A551F4285AA50E003496E3 /* AuditWriter.swift in Sources */,
				8545C316283D6DDE006B225B /* IVRKeyPress.swift in Sources */,
				85131AF02841627F00A7D597 /* SidebarViewModel.swift in Sources */,
				85131AF5284167C300A7D597 /* RootView.swift in Sources */,
			);
			runOnlyForDeploymentPostprocessing = 0;
		};
		8545C2F0283D6C71006B225B /* Sources */ = {
			isa = PBXSourcesBuildPhase;
			buildActionMask = 2147483647;
			files = (
				8545C2F9283D6C71006B225B /* PDToolboxTests.swift in Sources */,
			);
			runOnlyForDeploymentPostprocessing = 0;
		};
		8545C2FA283D6C71006B225B /* Sources */ = {
			isa = PBXSourcesBuildPhase;
			buildActionMask = 2147483647;
			files = (
				8545C305283D6C71006B225B /* PDToolboxUITestsLaunchTests.swift in Sources */,
				8545C303283D6C71006B225B /* PDToolboxUITests.swift in Sources */,
			);
			runOnlyForDeploymentPostprocessing = 0;
		};
/* End PBXSourcesBuildPhase section */

/* Begin PBXTargetDependency section */
		8545C2F6283D6C71006B225B /* PBXTargetDependency */ = {
			isa = PBXTargetDependency;
			target = 8545C2E2283D6C70006B225B /* Croissant */;
			targetProxy = 8545C2F5283D6C71006B225B /* PBXContainerItemProxy */;
		};
		8545C300283D6C71006B225B /* PBXTargetDependency */ = {
			isa = PBXTargetDependency;
			target = 8545C2E2283D6C70006B225B /* Croissant */;
			targetProxy = 8545C2FF283D6C71006B225B /* PBXContainerItemProxy */;
		};
/* End PBXTargetDependency section */

/* Begin XCBuildConfiguration section */
		8545C306283D6C71006B225B /* Debug */ = {
			isa = XCBuildConfiguration;
			buildSettings = {
				ALWAYS_SEARCH_USER_PATHS = NO;
				CLANG_ANALYZER_NONNULL = YES;
				CLANG_ANALYZER_NUMBER_OBJECT_CONVERSION = YES_AGGRESSIVE;
				CLANG_CXX_LANGUAGE_STANDARD = "gnu++17";
				CLANG_ENABLE_MODULES = YES;
				CLANG_ENABLE_OBJC_ARC = YES;
				CLANG_ENABLE_OBJC_WEAK = YES;
				CLANG_WARN_BLOCK_CAPTURE_AUTORELEASING = YES;
				CLANG_WARN_BOOL_CONVERSION = YES;
				CLANG_WARN_COMMA = YES;
				CLANG_WARN_CONSTANT_CONVERSION = YES;
				CLANG_WARN_DEPRECATED_OBJC_IMPLEMENTATIONS = YES;
				CLANG_WARN_DIRECT_OBJC_ISA_USAGE = YES_ERROR;
				CLANG_WARN_DOCUMENTATION_COMMENTS = YES;
				CLANG_WARN_EMPTY_BODY = YES;
				CLANG_WARN_ENUM_CONVERSION = YES;
				CLANG_WARN_INFINITE_RECURSION = YES;
				CLANG_WARN_INT_CONVERSION = YES;
				CLANG_WARN_NON_LITERAL_NULL_CONVERSION = YES;
				CLANG_WARN_OBJC_IMPLICIT_RETAIN_SELF = YES;
				CLANG_WARN_OBJC_LITERAL_CONVERSION = YES;
				CLANG_WARN_OBJC_ROOT_CLASS = YES_ERROR;
				CLANG_WARN_QUOTED_INCLUDE_IN_FRAMEWORK_HEADER = YES;
				CLANG_WARN_RANGE_LOOP_ANALYSIS = YES;
				CLANG_WARN_STRICT_PROTOTYPES = YES;
				CLANG_WARN_SUSPICIOUS_MOVE = YES;
				CLANG_WARN_UNGUARDED_AVAILABILITY = YES_AGGRESSIVE;
				CLANG_WARN_UNREACHABLE_CODE = YES;
				CLANG_WARN__DUPLICATE_METHOD_MATCH = YES;
				COPY_PHASE_STRIP = NO;
				DEBUG_INFORMATION_FORMAT = dwarf;
				ENABLE_STRICT_OBJC_MSGSEND = YES;
				ENABLE_TESTABILITY = YES;
				GCC_C_LANGUAGE_STANDARD = gnu11;
				GCC_DYNAMIC_NO_PIC = NO;
				GCC_NO_COMMON_BLOCKS = YES;
				GCC_OPTIMIZATION_LEVEL = 0;
				GCC_PREPROCESSOR_DEFINITIONS = (
					"DEBUG=1",
					"$(inherited)",
				);
				GCC_WARN_64_TO_32_BIT_CONVERSION = YES;
				GCC_WARN_ABOUT_RETURN_TYPE = YES_ERROR;
				GCC_WARN_UNDECLARED_SELECTOR = YES;
				GCC_WARN_UNINITIALIZED_AUTOS = YES_AGGRESSIVE;
				GCC_WARN_UNUSED_FUNCTION = YES;
				GCC_WARN_UNUSED_VARIABLE = YES;
				MACOSX_DEPLOYMENT_TARGET = 12.3;
				MTL_ENABLE_DEBUG_INFO = INCLUDE_SOURCE;
				MTL_FAST_MATH = YES;
				ONLY_ACTIVE_ARCH = YES;
				SDKROOT = macosx;
				SWIFT_ACTIVE_COMPILATION_CONDITIONS = DEBUG;
				SWIFT_OPTIMIZATION_LEVEL = "-Onone";
			};
			name = Debug;
		};
		8545C307283D6C71006B225B /* Release */ = {
			isa = XCBuildConfiguration;
			buildSettings = {
				ALWAYS_SEARCH_USER_PATHS = NO;
				CLANG_ANALYZER_NONNULL = YES;
				CLANG_ANALYZER_NUMBER_OBJECT_CONVERSION = YES_AGGRESSIVE;
				CLANG_CXX_LANGUAGE_STANDARD = "gnu++17";
				CLANG_ENABLE_MODULES = YES;
				CLANG_ENABLE_OBJC_ARC = YES;
				CLANG_ENABLE_OBJC_WEAK = YES;
				CLANG_WARN_BLOCK_CAPTURE_AUTORELEASING = YES;
				CLANG_WARN_BOOL_CONVERSION = YES;
				CLANG_WARN_COMMA = YES;
				CLANG_WARN_CONSTANT_CONVERSION = YES;
				CLANG_WARN_DEPRECATED_OBJC_IMPLEMENTATIONS = YES;
				CLANG_WARN_DIRECT_OBJC_ISA_USAGE = YES_ERROR;
				CLANG_WARN_DOCUMENTATION_COMMENTS = YES;
				CLANG_WARN_EMPTY_BODY = YES;
				CLANG_WARN_ENUM_CONVERSION = YES;
				CLANG_WARN_INFINITE_RECURSION = YES;
				CLANG_WARN_INT_CONVERSION = YES;
				CLANG_WARN_NON_LITERAL_NULL_CONVERSION = YES;
				CLANG_WARN_OBJC_IMPLICIT_RETAIN_SELF = YES;
				CLANG_WARN_OBJC_LITERAL_CONVERSION = YES;
				CLANG_WARN_OBJC_ROOT_CLASS = YES_ERROR;
				CLANG_WARN_QUOTED_INCLUDE_IN_FRAMEWORK_HEADER = YES;
				CLANG_WARN_RANGE_LOOP_ANALYSIS = YES;
				CLANG_WARN_STRICT_PROTOTYPES = YES;
				CLANG_WARN_SUSPICIOUS_MOVE = YES;
				CLANG_WARN_UNGUARDED_AVAILABILITY = YES_AGGRESSIVE;
				CLANG_WARN_UNREACHABLE_CODE = YES;
				CLANG_WARN__DUPLICATE_METHOD_MATCH = YES;
				COPY_PHASE_STRIP = NO;
				DEBUG_INFORMATION_FORMAT = "dwarf-with-dsym";
				ENABLE_NS_ASSERTIONS = NO;
				ENABLE_STRICT_OBJC_MSGSEND = YES;
				GCC_C_LANGUAGE_STANDARD = gnu11;
				GCC_NO_COMMON_BLOCKS = YES;
				GCC_WARN_64_TO_32_BIT_CONVERSION = YES;
				GCC_WARN_ABOUT_RETURN_TYPE = YES_ERROR;
				GCC_WARN_UNDECLARED_SELECTOR = YES;
				GCC_WARN_UNINITIALIZED_AUTOS = YES_AGGRESSIVE;
				GCC_WARN_UNUSED_FUNCTION = YES;
				GCC_WARN_UNUSED_VARIABLE = YES;
				MACOSX_DEPLOYMENT_TARGET = 12.3;
				MTL_ENABLE_DEBUG_INFO = NO;
				MTL_FAST_MATH = YES;
				SDKROOT = macosx;
				SWIFT_COMPILATION_MODE = wholemodule;
				SWIFT_OPTIMIZATION_LEVEL = "-O";
			};
			name = Release;
		};
		8545C309283D6C71006B225B /* Debug */ = {
			isa = XCBuildConfiguration;
			buildSettings = {
				ASSETCATALOG_COMPILER_APPICON_NAME = AppIcon;
				ASSETCATALOG_COMPILER_GLOBAL_ACCENT_COLOR_NAME = AccentColor;
				CODE_SIGN_ENTITLEMENTS = Croissant/Croissant.entitlements;
				CODE_SIGN_IDENTITY = "Apple Development";
				CODE_SIGN_STYLE = Automatic;
				COMBINE_HIDPI_IMAGES = YES;
				CURRENT_PROJECT_VERSION = 350;
				DEVELOPMENT_ASSET_PATHS = "\"Croissant/Preview Content\"";
				DEVELOPMENT_TEAM = S3QV2HC97X;
				ENABLE_HARDENED_RUNTIME = YES;
				ENABLE_PREVIEWS = YES;
				GENERATE_INFOPLIST_FILE = YES;
				INFOPLIST_KEY_NSHumanReadableCopyright = "";
				LD_RUNPATH_SEARCH_PATHS = (
					"$(inherited)",
					"@executable_path/../Frameworks",
				);
				MARKETING_VERSION = 1.0;
				PRODUCT_BUNDLE_IDENTIFIER = com.dquavius.Croissant;
				PRODUCT_NAME = "$(TARGET_NAME)";
				PROVISIONING_PROFILE_SPECIFIER = "";
				SWIFT_EMIT_LOC_STRINGS = YES;
				SWIFT_VERSION = 5.0;
			};
			name = Debug;
		};
		8545C30A283D6C71006B225B /* Release */ = {
			isa = XCBuildConfiguration;
			buildSettings = {
				ASSETCATALOG_COMPILER_APPICON_NAME = AppIcon;
				ASSETCATALOG_COMPILER_GLOBAL_ACCENT_COLOR_NAME = AccentColor;
				CODE_SIGN_ENTITLEMENTS = Croissant/Croissant.entitlements;
				CODE_SIGN_IDENTITY = "Apple Development";
				CODE_SIGN_STYLE = Automatic;
				COMBINE_HIDPI_IMAGES = YES;
				CURRENT_PROJECT_VERSION = 350;
				DEVELOPMENT_ASSET_PATHS = "\"Croissant/Preview Content\"";
				DEVELOPMENT_TEAM = S3QV2HC97X;
				ENABLE_HARDENED_RUNTIME = YES;
				ENABLE_PREVIEWS = YES;
				GENERATE_INFOPLIST_FILE = YES;
				INFOPLIST_KEY_NSHumanReadableCopyright = "";
				LD_RUNPATH_SEARCH_PATHS = (
					"$(inherited)",
					"@executable_path/../Frameworks",
				);
				MARKETING_VERSION = 1.0;
				PRODUCT_BUNDLE_IDENTIFIER = com.dquavius.Croissant;
				PRODUCT_NAME = "$(TARGET_NAME)";
				PROVISIONING_PROFILE_SPECIFIER = "";
				SWIFT_EMIT_LOC_STRINGS = YES;
				SWIFT_VERSION = 5.0;
			};
			name = Release;
		};
		8545C30C283D6C71006B225B /* Debug */ = {
			isa = XCBuildConfiguration;
			buildSettings = {
				ALWAYS_EMBED_SWIFT_STANDARD_LIBRARIES = YES;
				BUNDLE_LOADER = "$(TEST_HOST)";
				CODE_SIGN_STYLE = Automatic;
				CURRENT_PROJECT_VERSION = 350;
				DEVELOPMENT_TEAM = S3QV2HC97X;
				GENERATE_INFOPLIST_FILE = YES;
				MACOSX_DEPLOYMENT_TARGET = 12.3;
				MARKETING_VERSION = 1.0;
				PRODUCT_BUNDLE_IDENTIFIER = com.dquavius.PDToolboxTests;
				PRODUCT_NAME = "$(TARGET_NAME)";
				SWIFT_EMIT_LOC_STRINGS = NO;
				SWIFT_VERSION = 5.0;
				TEST_HOST = "$(BUILT_PRODUCTS_DIR)/Croissant.app/Contents/MacOS/Croissant";
			};
			name = Debug;
		};
		8545C30D283D6C71006B225B /* Release */ = {
			isa = XCBuildConfiguration;
			buildSettings = {
				ALWAYS_EMBED_SWIFT_STANDARD_LIBRARIES = YES;
				BUNDLE_LOADER = "$(TEST_HOST)";
				CODE_SIGN_STYLE = Automatic;
				CURRENT_PROJECT_VERSION = 350;
				DEVELOPMENT_TEAM = S3QV2HC97X;
				GENERATE_INFOPLIST_FILE = YES;
				MACOSX_DEPLOYMENT_TARGET = 12.3;
				MARKETING_VERSION = 1.0;
				PRODUCT_BUNDLE_IDENTIFIER = com.dquavius.PDToolboxTests;
				PRODUCT_NAME = "$(TARGET_NAME)";
				SWIFT_EMIT_LOC_STRINGS = NO;
				SWIFT_VERSION = 5.0;
				TEST_HOST = "$(BUILT_PRODUCTS_DIR)/Croissant.app/Contents/MacOS/Croissant";
			};
			name = Release;
		};
		8545C30F283D6C71006B225B /* Debug */ = {
			isa = XCBuildConfiguration;
			buildSettings = {
				ALWAYS_EMBED_SWIFT_STANDARD_LIBRARIES = YES;
				CODE_SIGN_STYLE = Automatic;
				CURRENT_PROJECT_VERSION = 350;
				DEVELOPMENT_TEAM = S3QV2HC97X;
				GENERATE_INFOPLIST_FILE = YES;
				MARKETING_VERSION = 1.0;
				PRODUCT_BUNDLE_IDENTIFIER = com.dquavius.PDToolboxUITests;
				PRODUCT_NAME = "$(TARGET_NAME)";
				SWIFT_EMIT_LOC_STRINGS = NO;
				SWIFT_VERSION = 5.0;
				TEST_TARGET_NAME = PDToolbox;
			};
			name = Debug;
		};
		8545C310283D6C71006B225B /* Release */ = {
			isa = XCBuildConfiguration;
			buildSettings = {
				ALWAYS_EMBED_SWIFT_STANDARD_LIBRARIES = YES;
				CODE_SIGN_STYLE = Automatic;
				CURRENT_PROJECT_VERSION = 350;
				DEVELOPMENT_TEAM = S3QV2HC97X;
				GENERATE_INFOPLIST_FILE = YES;
				MARKETING_VERSION = 1.0;
				PRODUCT_BUNDLE_IDENTIFIER = com.dquavius.PDToolboxUITests;
				PRODUCT_NAME = "$(TARGET_NAME)";
				SWIFT_EMIT_LOC_STRINGS = NO;
				SWIFT_VERSION = 5.0;
				TEST_TARGET_NAME = PDToolbox;
			};
			name = Release;
		};
/* End XCBuildConfiguration section */

/* Begin XCConfigurationList section */
		8545C2DE283D6C70006B225B /* Build configuration list for PBXProject "Croissant" */ = {
			isa = XCConfigurationList;
			buildConfigurations = (
				8545C306283D6C71006B225B /* Debug */,
				8545C307283D6C71006B225B /* Release */,
			);
			defaultConfigurationIsVisible = 0;
			defaultConfigurationName = Release;
		};
		8545C308283D6C71006B225B /* Build configuration list for PBXNativeTarget "Croissant" */ = {
			isa = XCConfigurationList;
			buildConfigurations = (
				8545C309283D6C71006B225B /* Debug */,
				8545C30A283D6C71006B225B /* Release */,
			);
			defaultConfigurationIsVisible = 0;
			defaultConfigurationName = Release;
		};
		8545C30B283D6C71006B225B /* Build configuration list for PBXNativeTarget "CroissantTests" */ = {
			isa = XCConfigurationList;
			buildConfigurations = (
				8545C30C283D6C71006B225B /* Debug */,
				8545C30D283D6C71006B225B /* Release */,
			);
			defaultConfigurationIsVisible = 0;
			defaultConfigurationName = Release;
		};
		8545C30E283D6C71006B225B /* Build configuration list for PBXNativeTarget "CroissantUITests" */ = {
			isa = XCConfigurationList;
			buildConfigurations = (
				8545C30F283D6C71006B225B /* Debug */,
				8545C310283D6C71006B225B /* Release */,
			);
			defaultConfigurationIsVisible = 0;
			defaultConfigurationName = Release;
		};
/* End XCConfigurationList section */

/* Begin XCRemoteSwiftPackageReference section */
		8545C323283EA6A2006B225B /* XCRemoteSwiftPackageReference "SwiftCSV" */ = {
			isa = XCRemoteSwiftPackageReference;
			repositoryURL = "https://github.com/swiftcsv/SwiftCSV.git";
			requirement = {
				kind = upToNextMajorVersion;
				minimumVersion = 0.6.1;
			};
		};
		855DCAEA28430ACD00F2A116 /* XCRemoteSwiftPackageReference "CoreXLSX" */ = {
			isa = XCRemoteSwiftPackageReference;
			repositoryURL = "https://github.com/CoreOffice/CoreXLSX";
			requirement = {
				kind = upToNextMajorVersion;
				minimumVersion = 0.9.1;
			};
		};
		856FFBD12845B69400626595 /* XCRemoteSwiftPackageReference "AlertToast" */ = {
			isa = XCRemoteSwiftPackageReference;
			repositoryURL = "https://github.com/elai950/AlertToast";
			requirement = {
				kind = revision;
				revision = 509519b5aad56fc342c473aa25182ea95c4f9e53;
			};
		};
		85A551FE285AE2F4003496E3 /* XCRemoteSwiftPackageReference "XMLCoder" */ = {
			isa = XCRemoteSwiftPackageReference;
			repositoryURL = "https://github.com/CoreOffice/XMLCoder.git";
			requirement = {
				kind = upToNextMajorVersion;
				minimumVersion = 0.9.0;
			};
		};
		85A9242B284ABD8B005E7B3C /* XCRemoteSwiftPackageReference "GraphicsRenderer" */ = {
			isa = XCRemoteSwiftPackageReference;
			repositoryURL = "https://github.com/shaps80/GraphicsRenderer.git";
			requirement = {
				kind = upToNextMajorVersion;
				minimumVersion = 1.0.0;
			};
		};
/* End XCRemoteSwiftPackageReference section */

/* Begin XCSwiftPackageProductDependency section */
		8545C324283EA6A2006B225B /* SwiftCSV */ = {
			isa = XCSwiftPackageProductDependency;
			package = 8545C323283EA6A2006B225B /* XCRemoteSwiftPackageReference "SwiftCSV" */;
			productName = SwiftCSV;
		};
		855DCAEB28430ACD00F2A116 /* CoreXLSX */ = {
			isa = XCSwiftPackageProductDependency;
			package = 855DCAEA28430ACD00F2A116 /* XCRemoteSwiftPackageReference "CoreXLSX" */;
			productName = CoreXLSX;
		};
		856FFBD22845B69400626595 /* AlertToast */ = {
			isa = XCSwiftPackageProductDependency;
			package = 856FFBD12845B69400626595 /* XCRemoteSwiftPackageReference "AlertToast" */;
			productName = AlertToast;
		};
		85A551FF285AE2F4003496E3 /* XMLCoder */ = {
			isa = XCSwiftPackageProductDependency;
			package = 85A551FE285AE2F4003496E3 /* XCRemoteSwiftPackageReference "XMLCoder" */;
			productName = XMLCoder;
		};
		85A9242C284ABD8B005E7B3C /* GraphicsRenderer */ = {
			isa = XCSwiftPackageProductDependency;
			package = 85A9242B284ABD8B005E7B3C /* XCRemoteSwiftPackageReference "GraphicsRenderer" */;
			productName = GraphicsRenderer;
		};
/* End XCSwiftPackageProductDependency section */
	};
	rootObject = 8545C2DB283D6C70006B225B /* Project object */;
}
