{
  "pins" : [
    {
      "identity" : "alerttoast",
      "kind" : "remoteSourceControl",
      "location" : "https://github.com/elai950/AlertToast",
      "state" : {
        "revision" : "509519b5aad56fc342c473aa25182ea95c4f9e53"
      }
    },
    {
      "identity" : "corexlsx",
      "kind" : "remoteSourceControl",
      "location" : "https://github.com/CoreOffice/CoreXLSX",
      "state" : {
        "revision" : "b7cc8d3b79c07c2a781d82db645d7cec24106e08",
        "version" : "0.14.1"
      }
    },
    {
      "identity" : "graphicsrenderer",
      "kind" : "remoteSourceControl",
      "location" : "https://github.com/shaps80/GraphicsRenderer.git",
      "state" : {
        "revision" : "fa9b28096ea13eb59333a02d616244482ad6039f",
        "version" : "1.4.4"
      }
    },
    {
      "identity" : "swiftcsv",
      "kind" : "remoteSourceControl",
      "location" : "https://github.com/swiftcsv/SwiftCSV.git",
      "state" : {
        "revision" : "039cc273dcc91f4c9d85e05a2514bbe63e7dde60",
        "version" : "0.6.1"
      }
    },
    {
      "identity" : "zipfoundation",
      "kind" : "remoteSourceControl",
      "location" : "https://github.com/weichsel/ZIPFoundation.git",
      "state" : {
        "revision" : "7254c74b49cec2cb81520523ba993c671f71b066",
        "version" : "0.9.14"
      }
    }
  ],
  "version" : 2
}
